
Microsoft Visual Studio Solution File, Format Version 12.00
# Visual Studio Version 16
VisualStudioVersion = 16.0.31729.503
MinimumVisualStudioVersion = 10.0.40219.1
Project("{FAE04EC0-301F-11D3-BF4B-00C04F79EFBC}") = "INTERPRETE", "INTERPRETE\INTERPRETE.csproj", "{A925F363-DF75-4531-AC8A-B4CE39D0694F}"
EndProject
Global
	GlobalSection(SolutionConfigurationPlatforms) = preSolution
		Debug|Any CPU = Debug|Any CPU
		Release|Any CPU = Release|Any CPU
	EndGlobalSection
	GlobalSection(ProjectConfigurationPlatforms) = postSolution
		{A925F363-DF75-4531-AC8A-B4CE39D0694F}.Debug|Any CPU.ActiveCfg = Debug|Any CPU
		{A925F363-DF75-4531-AC8A-B4CE39D0694F}.Debug|Any CPU.Build.0 = Debug|Any CPU
		{A925F363-DF75-4531-AC8A-B4CE39D0694F}.Release|Any CPU.ActiveCfg = Release|Any CPU
		{A925F363-DF75-4531-AC8A-B4CE39D0694F}.Release|Any CPU.Build.0 = Release|Any CPU
	EndGlobalSection
	GlobalSection(SolutionProperties) = preSolution
		HideSolutionNode = FALSE
	EndGlobalSection
	GlobalSection(ExtensibilityGlobals) = postSolution
		SolutionGuid = {A7273EE4-CC10-41CA-AD8F-A29C52F2215C}
	EndGlobalSection
EndGlobal
